
Microsoft Visual Studio Solution File, Format Version 12.00
# Visual Studio 2013
VisualStudioVersion = 12.0.21005.1
MinimumVisualStudioVersion = 10.0.40219.1
Project("{2150E333-8FDC-42A3-9474-1A3956D46DE8}") = "Library", "Library", "{7D678AA9-91D2-459C-A6CC-19E1880BFF8D}"
EndProject
Project("{2150E333-8FDC-42A3-9474-1A3956D46DE8}") = "COMLibrary", "COMLibrary", "{3FC3F04A-394C-44CF-9389-6E98E511664F}"
	ProjectSection(SolutionItems) = preProject
		ATLTest\ATLTest.vcxproj = ATLTest\ATLTest.vcxproj
	EndProjectSection
EndProject
Project("{8BC9CEB8-8B4A-11D0-8D11-00A0C91BC942}") = "DynamicCOM", "DynamicCOM\DynamicCOM.vcxproj", "{162B8283-0D99-49FB-835A-FD2BC81F3AD6}"
EndProject
Project("{8BC9CEB8-8B4A-11D0-8D11-00A0C91BC942}") = "DynamicTest", "DynamicTest\DynamicTest.vcxproj", "{3D4E3818-13E4-481A-B1D4-49F4766D3C17}"
	ProjectSection(ProjectDependencies) = postProject
		{162B8283-0D99-49FB-835A-FD2BC81F3AD6} = {162B8283-0D99-49FB-835A-FD2BC81F3AD6}
	EndProjectSection
EndProject
Project("{8BC9CEB8-8B4A-11D0-8D11-00A0C91BC942}") = "StaticCOM", "StaticCOM\StaticCOM.vcxproj", "{A136EBA5-CB64-494F-B4B6-7F4CF66270A9}"
EndProject
Project("{8BC9CEB8-8B4A-11D0-8D11-00A0C91BC942}") = "StaticTest", "StaticTest\StaticTest.vcxproj", "{74F2A50F-3B46-4548-BDED-EB633F2878C6}"
	ProjectSection(ProjectDependencies) = postProject
		{A136EBA5-CB64-494F-B4B6-7F4CF66270A9} = {A136EBA5-CB64-494F-B4B6-7F4CF66270A9}
	EndProjectSection
EndProject
Project("{8BC9CEB8-8B4A-11D0-8D11-00A0C91BC942}") = "DynamicLibrary", "DynamicLibrary\DynamicLibrary.vcxproj", "{95EFC9CF-4EAA-47FD-A1DB-714A8B89A821}"
EndProject
Project("{8BC9CEB8-8B4A-11D0-8D11-00A0C91BC942}") = "StaticLibrary", "StaticLibrary\StaticLibrary.vcxproj", "{015EB2DE-4EDC-414B-844A-7EEDCB5A231E}"
EndProject
Project("{8BC9CEB8-8B4A-11D0-8D11-00A0C91BC942}") = "LibraryTest", "LibraryTest\LibraryTest.vcxproj", "{3EA0C429-AD9C-4475-857E-9FCEB26B81E1}"
	ProjectSection(ProjectDependencies) = postProject
		{95EFC9CF-4EAA-47FD-A1DB-714A8B89A821} = {95EFC9CF-4EAA-47FD-A1DB-714A8B89A821}
		{015EB2DE-4EDC-414B-844A-7EEDCB5A231E} = {015EB2DE-4EDC-414B-844A-7EEDCB5A231E}
	EndProjectSection
EndProject
Global
	GlobalSection(SolutionConfigurationPlatforms) = preSolution
		Debug|Win32 = Debug|Win32
		Release|Win32 = Release|Win32
	EndGlobalSection
	GlobalSection(ProjectConfigurationPlatforms) = postSolution
		{162B8283-0D99-49FB-835A-FD2BC81F3AD6}.Debug|Win32.ActiveCfg = Debug|Win32
		{162B8283-0D99-49FB-835A-FD2BC81F3AD6}.Debug|Win32.Build.0 = Debug|Win32
		{162B8283-0D99-49FB-835A-FD2BC81F3AD6}.Release|Win32.ActiveCfg = Release|Win32
		{162B8283-0D99-49FB-835A-FD2BC81F3AD6}.Release|Win32.Build.0 = Release|Win32
		{3D4E3818-13E4-481A-B1D4-49F4766D3C17}.Debug|Win32.ActiveCfg = Debug|Win32
		{3D4E3818-13E4-481A-B1D4-49F4766D3C17}.Debug|Win32.Build.0 = Debug|Win32
		{3D4E3818-13E4-481A-B1D4-49F4766D3C17}.Release|Win32.ActiveCfg = Release|Win32
		{3D4E3818-13E4-481A-B1D4-49F4766D3C17}.Release|Win32.Build.0 = Release|Win32
		{A136EBA5-CB64-494F-B4B6-7F4CF66270A9}.Debug|Win32.ActiveCfg = Debug|Win32
		{A136EBA5-CB64-494F-B4B6-7F4CF66270A9}.Debug|Win32.Build.0 = Debug|Win32
		{A136EBA5-CB64-494F-B4B6-7F4CF66270A9}.Release|Win32.ActiveCfg = Release|Win32
		{A136EBA5-CB64-494F-B4B6-7F4CF66270A9}.Release|Win32.Build.0 = Release|Win32
		{74F2A50F-3B46-4548-BDED-EB633F2878C6}.Debug|Win32.ActiveCfg = Debug|Win32
		{74F2A50F-3B46-4548-BDED-EB633F2878C6}.Debug|Win32.Build.0 = Debug|Win32
		{74F2A50F-3B46-4548-BDED-EB633F2878C6}.Release|Win32.ActiveCfg = Release|Win32
		{74F2A50F-3B46-4548-BDED-EB633F2878C6}.Release|Win32.Build.0 = Release|Win32
		{95EFC9CF-4EAA-47FD-A1DB-714A8B89A821}.Debug|Win32.ActiveCfg = Debug|Win32
		{95EFC9CF-4EAA-47FD-A1DB-714A8B89A821}.Debug|Win32.Build.0 = Debug|Win32
		{95EFC9CF-4EAA-47FD-A1DB-714A8B89A821}.Release|Win32.ActiveCfg = Release|Win32
		{95EFC9CF-4EAA-47FD-A1DB-714A8B89A821}.Release|Win32.Build.0 = Release|Win32
		{015EB2DE-4EDC-414B-844A-7EEDCB5A231E}.Debug|Win32.ActiveCfg = Debug|Win32
		{015EB2DE-4EDC-414B-844A-7EEDCB5A231E}.Debug|Win32.Build.0 = Debug|Win32
		{015EB2DE-4EDC-414B-844A-7EEDCB5A231E}.Release|Win32.ActiveCfg = Release|Win32
		{015EB2DE-4EDC-414B-844A-7EEDCB5A231E}.Release|Win32.Build.0 = Release|Win32
		{3EA0C429-AD9C-4475-857E-9FCEB26B81E1}.Debug|Win32.ActiveCfg = Debug|Win32
		{3EA0C429-AD9C-4475-857E-9FCEB26B81E1}.Debug|Win32.Build.0 = Debug|Win32
		{3EA0C429-AD9C-4475-857E-9FCEB26B81E1}.Release|Win32.ActiveCfg = Release|Win32
		{3EA0C429-AD9C-4475-857E-9FCEB26B81E1}.Release|Win32.Build.0 = Release|Win32
	EndGlobalSection
	GlobalSection(SolutionProperties) = preSolution
		HideSolutionNode = FALSE
	EndGlobalSection
	GlobalSection(NestedProjects) = preSolution
		{95EFC9CF-4EAA-47FD-A1DB-714A8B89A821} = {7D678AA9-91D2-459C-A6CC-19E1880BFF8D}
		{015EB2DE-4EDC-414B-844A-7EEDCB5A231E} = {7D678AA9-91D2-459C-A6CC-19E1880BFF8D}
		{3EA0C429-AD9C-4475-857E-9FCEB26B81E1} = {7D678AA9-91D2-459C-A6CC-19E1880BFF8D}
		{162B8283-0D99-49FB-835A-FD2BC81F3AD6} = {3FC3F04A-394C-44CF-9389-6E98E511664F}
		{3D4E3818-13E4-481A-B1D4-49F4766D3C17} = {3FC3F04A-394C-44CF-9389-6E98E511664F}
		{A136EBA5-CB64-494F-B4B6-7F4CF66270A9} = {3FC3F04A-394C-44CF-9389-6E98E511664F}
		{74F2A50F-3B46-4548-BDED-EB633F2878C6} = {3FC3F04A-394C-44CF-9389-6E98E511664F}
	EndGlobalSection
EndGlobal
